
Microsoft Visual Studio Solution File, Format Version 12.00
# Visual Studio Version 16
VisualStudioVersion = 16.0.29318.209
MinimumVisualStudioVersion = 10.0.40219.1
Project("{F2A71F9B-5D33-465A-A702-920D77279786}") = "YetAnotherArithmeticParser", "YetAnotherArithmeticParser.fsproj", "{0363FFF5-65DF-4DA5-A8F2-D767E94C62AA}"
EndProject
Global
	GlobalSection(SolutionConfigurationPlatforms) = preSolution
		Debug|Any CPU = Debug|Any CPU
		Release|Any CPU = Release|Any CPU
	EndGlobalSection
	GlobalSection(ProjectConfigurationPlatforms) = postSolution
		{0363FFF5-65DF-4DA5-A8F2-D767E94C62AA}.Debug|Any CPU.ActiveCfg = Debug|Any CPU
		{0363FFF5-65DF-4DA5-A8F2-D767E94C62AA}.Debug|Any CPU.Build.0 = Debug|Any CPU
		{0363FFF5-65DF-4DA5-A8F2-D767E94C62AA}.Release|Any CPU.ActiveCfg = Release|Any CPU
		{0363FFF5-65DF-4DA5-A8F2-D767E94C62AA}.Release|Any CPU.Build.0 = Release|Any CPU
	EndGlobalSection
	GlobalSection(SolutionProperties) = preSolution
		HideSolutionNode = FALSE
	EndGlobalSection
	GlobalSection(ExtensibilityGlobals) = postSolution
		SolutionGuid = {F2D82DFE-0AD4-4437-9991-E9B05546539B}
	EndGlobalSection
EndGlobal
